
Microsoft Visual Studio Solution File, Format Version 12.00
# Visual Studio Version 17
VisualStudioVersion = 17.0.31903.59
MinimumVisualStudioVersion = 10.0.40219.1
Project("{2150E333-8FDC-42A3-9474-1A3956D46DE8}") = "src", "src", "{827E0CD3-B72D-47B6-A68D-7590B98EB39B}"
	ProjectSection(SolutionItems) = preProject
		C:\Users\wiilo\OneDrive\Escritorio\ProductsApiDB.txt = C:\Users\wiilo\OneDrive\Escritorio\ProductsApiDB.txt
		C:\Users\wiilo\OneDrive\Escritorio\productsDB.sql = C:\Users\wiilo\OneDrive\Escritorio\productsDB.sql
	EndProjectSection
EndProject
Project("{FAE04EC0-301F-11D3-BF4B-00C04F79EFBC}") = "ProductsAPI.Domain", "src\ProductsAPI.Domain\ProductsAPI.Domain.csproj", "{47A6FF0A-6A62-4D52-A002-DA41C3A6B3FD}"
EndProject
Project("{FAE04EC0-301F-11D3-BF4B-00C04F79EFBC}") = "ProductsAPI.Application", "src\ProductsAPI.Application\ProductsAPI.Application.csproj", "{50A04F04-CAD8-40CF-82BB-4DBE9B1A9B6A}"
EndProject
Project("{FAE04EC0-301F-11D3-BF4B-00C04F79EFBC}") = "ProductsAPI.Infrastructure", "src\ProductsAPI.Infrastructure\ProductsAPI.Infrastructure.csproj", "{D954BCC8-7984-4BA2-BA0D-E52C3167D3EB}"
EndProject
Project("{FAE04EC0-301F-11D3-BF4B-00C04F79EFBC}") = "ProductsAPI.Web", "src\ProductsAPI.Web\ProductsAPI.Web.csproj", "{4BBB9A43-A5EB-4B23-B436-977A8B843537}"
EndProject
Global
	GlobalSection(SolutionConfigurationPlatforms) = preSolution
		Debug|Any CPU = Debug|Any CPU
		Debug|x64 = Debug|x64
		Debug|x86 = Debug|x86
		Release|Any CPU = Release|Any CPU
		Release|x64 = Release|x64
		Release|x86 = Release|x86
	EndGlobalSection
	GlobalSection(ProjectConfigurationPlatforms) = postSolution
		{47A6FF0A-6A62-4D52-A002-DA41C3A6B3FD}.Debug|Any CPU.ActiveCfg = Debug|Any CPU
		{47A6FF0A-6A62-4D52-A002-DA41C3A6B3FD}.Debug|Any CPU.Build.0 = Debug|Any CPU
		{47A6FF0A-6A62-4D52-A002-DA41C3A6B3FD}.Debug|x64.ActiveCfg = Debug|Any CPU
		{47A6FF0A-6A62-4D52-A002-DA41C3A6B3FD}.Debug|x64.Build.0 = Debug|Any CPU
		{47A6FF0A-6A62-4D52-A002-DA41C3A6B3FD}.Debug|x86.ActiveCfg = Debug|Any CPU
		{47A6FF0A-6A62-4D52-A002-DA41C3A6B3FD}.Debug|x86.Build.0 = Debug|Any CPU
		{47A6FF0A-6A62-4D52-A002-DA41C3A6B3FD}.Release|Any CPU.ActiveCfg = Release|Any CPU
		{47A6FF0A-6A62-4D52-A002-DA41C3A6B3FD}.Release|Any CPU.Build.0 = Release|Any CPU
		{47A6FF0A-6A62-4D52-A002-DA41C3A6B3FD}.Release|x64.ActiveCfg = Release|Any CPU
		{47A6FF0A-6A62-4D52-A002-DA41C3A6B3FD}.Release|x64.Build.0 = Release|Any CPU
		{47A6FF0A-6A62-4D52-A002-DA41C3A6B3FD}.Release|x86.ActiveCfg = Release|Any CPU
		{47A6FF0A-6A62-4D52-A002-DA41C3A6B3FD}.Release|x86.Build.0 = Release|Any CPU
		{50A04F04-CAD8-40CF-82BB-4DBE9B1A9B6A}.Debug|Any CPU.ActiveCfg = Debug|Any CPU
		{50A04F04-CAD8-40CF-82BB-4DBE9B1A9B6A}.Debug|Any CPU.Build.0 = Debug|Any CPU
		{50A04F04-CAD8-40CF-82BB-4DBE9B1A9B6A}.Debug|x64.ActiveCfg = Debug|Any CPU
		{50A04F04-CAD8-40CF-82BB-4DBE9B1A9B6A}.Debug|x64.Build.0 = Debug|Any CPU
		{50A04F04-CAD8-40CF-82BB-4DBE9B1A9B6A}.Debug|x86.ActiveCfg = Debug|Any CPU
		{50A04F04-CAD8-40CF-82BB-4DBE9B1A9B6A}.Debug|x86.Build.0 = Debug|Any CPU
		{50A04F04-CAD8-40CF-82BB-4DBE9B1A9B6A}.Release|Any CPU.ActiveCfg = Release|Any CPU
		{50A04F04-CAD8-40CF-82BB-4DBE9B1A9B6A}.Release|Any CPU.Build.0 = Release|Any CPU
		{50A04F04-CAD8-40CF-82BB-4DBE9B1A9B6A}.Release|x64.ActiveCfg = Release|Any CPU
		{50A04F04-CAD8-40CF-82BB-4DBE9B1A9B6A}.Release|x64.Build.0 = Release|Any CPU
		{50A04F04-CAD8-40CF-82BB-4DBE9B1A9B6A}.Release|x86.ActiveCfg = Release|Any CPU
		{50A04F04-CAD8-40CF-82BB-4DBE9B1A9B6A}.Release|x86.Build.0 = Release|Any CPU
		{D954BCC8-7984-4BA2-BA0D-E52C3167D3EB}.Debug|Any CPU.ActiveCfg = Debug|Any CPU
		{D954BCC8-7984-4BA2-BA0D-E52C3167D3EB}.Debug|Any CPU.Build.0 = Debug|Any CPU
		{D954BCC8-7984-4BA2-BA0D-E52C3167D3EB}.Debug|x64.ActiveCfg = Debug|Any CPU
		{D954BCC8-7984-4BA2-BA0D-E52C3167D3EB}.Debug|x64.Build.0 = Debug|Any CPU
		{D954BCC8-7984-4BA2-BA0D-E52C3167D3EB}.Debug|x86.ActiveCfg = Debug|Any CPU
		{D954BCC8-7984-4BA2-BA0D-E52C3167D3EB}.Debug|x86.Build.0 = Debug|Any CPU
		{D954BCC8-7984-4BA2-BA0D-E52C3167D3EB}.Release|Any CPU.ActiveCfg = Release|Any CPU
		{D954BCC8-7984-4BA2-BA0D-E52C3167D3EB}.Release|Any CPU.Build.0 = Release|Any CPU
		{D954BCC8-7984-4BA2-BA0D-E52C3167D3EB}.Release|x64.ActiveCfg = Release|Any CPU
		{D954BCC8-7984-4BA2-BA0D-E52C3167D3EB}.Release|x64.Build.0 = Release|Any CPU
		{D954BCC8-7984-4BA2-BA0D-E52C3167D3EB}.Release|x86.ActiveCfg = Release|Any CPU
		{D954BCC8-7984-4BA2-BA0D-E52C3167D3EB}.Release|x86.Build.0 = Release|Any CPU
		{4BBB9A43-A5EB-4B23-B436-977A8B843537}.Debug|Any CPU.ActiveCfg = Debug|Any CPU
		{4BBB9A43-A5EB-4B23-B436-977A8B843537}.Debug|Any CPU.Build.0 = Debug|Any CPU
		{4BBB9A43-A5EB-4B23-B436-977A8B843537}.Debug|x64.ActiveCfg = Debug|Any CPU
		{4BBB9A43-A5EB-4B23-B436-977A8B843537}.Debug|x64.Build.0 = Debug|Any CPU
		{4BBB9A43-A5EB-4B23-B436-977A8B843537}.Debug|x86.ActiveCfg = Debug|Any CPU
		{4BBB9A43-A5EB-4B23-B436-977A8B843537}.Debug|x86.Build.0 = Debug|Any CPU
		{4BBB9A43-A5EB-4B23-B436-977A8B843537}.Release|Any CPU.ActiveCfg = Release|Any CPU
		{4BBB9A43-A5EB-4B23-B436-977A8B843537}.Release|Any CPU.Build.0 = Release|Any CPU
		{4BBB9A43-A5EB-4B23-B436-977A8B843537}.Release|x64.ActiveCfg = Release|Any CPU
		{4BBB9A43-A5EB-4B23-B436-977A8B843537}.Release|x64.Build.0 = Release|Any CPU
		{4BBB9A43-A5EB-4B23-B436-977A8B843537}.Release|x86.ActiveCfg = Release|Any CPU
		{4BBB9A43-A5EB-4B23-B436-977A8B843537}.Release|x86.Build.0 = Release|Any CPU
	EndGlobalSection
	GlobalSection(SolutionProperties) = preSolution
		HideSolutionNode = FALSE
	EndGlobalSection
	GlobalSection(NestedProjects) = preSolution
		{47A6FF0A-6A62-4D52-A002-DA41C3A6B3FD} = {827E0CD3-B72D-47B6-A68D-7590B98EB39B}
		{50A04F04-CAD8-40CF-82BB-4DBE9B1A9B6A} = {827E0CD3-B72D-47B6-A68D-7590B98EB39B}
		{D954BCC8-7984-4BA2-BA0D-E52C3167D3EB} = {827E0CD3-B72D-47B6-A68D-7590B98EB39B}
		{4BBB9A43-A5EB-4B23-B436-977A8B843537} = {827E0CD3-B72D-47B6-A68D-7590B98EB39B}
	EndGlobalSection
EndGlobal
